# THIS IS AN AUTOGENERATED FILE. DO NOT EDIT THIS FILE DIRECTLY.
# yarn lockfile v1


"@actions/core@^1.10.0":
  version "1.10.0"
  resolved "https://registry.npmjs.org/@actions/core/-/core-1.10.0.tgz"
  integrity sha512-2aZDDa3zrrZbP5ZYg159sNoLRb61nQ7awl5pSvIq5Qpj81vwDzdMRKzkWJGJuwVvWpvZKx7vspJALyvaaIQyug==
  dependencies:
    "@actions/http-client" "^2.0.1"
    uuid "^8.3.2"

"@actions/github@^5.1.1":
  version "5.1.1"
  resolved "https://registry.npmjs.org/@actions/github/-/github-5.1.1.tgz"
  integrity sha512-Nk59rMDoJaV+mHCOJPXuvB1zIbomlKS0dmSIqPGxd0enAXBnOfn4VWF+CGtRCwXZG9Epa54tZA7VIRlJDS8A6g==
  dependencies:
    "@actions/http-client" "^2.0.1"
    "@octokit/core" "^3.6.0"
    "@octokit/plugin-paginate-rest" "^2.17.0"
    "@octokit/plugin-rest-endpoint-methods" "^5.13.0"

"@actions/http-client@^2.0.1":
  version "2.0.1"
  resolved "https://registry.npmjs.org/@actions/http-client/-/http-client-2.0.1.tgz"
  integrity sha512-PIXiMVtz6VvyaRsGY268qvj57hXQEpsYogYOu2nrQhlf+XCGmZstmuZBbAybUl1nQGnvS1k1eEsQ69ZoD7xlSw==
  dependencies:
    tunnel "^0.0.6"

"@octokit/auth-token@^2.4.0", "@octokit/auth-token@^2.4.4":
  version "2.5.0"
  resolved "https://registry.npmjs.org/@octokit/auth-token/-/auth-token-2.5.0.tgz"
  integrity sha512-r5FVUJCOLl19AxiuZD2VRZ/ORjp/4IN98Of6YJoJOkY75CIBuYfmiNHGrDwXr+aLGG55igl9QrxX3hbiXlLb+g==
  dependencies:
    "@octokit/types" "^6.0.3"

"@octokit/core@^3.6.0", "@octokit/core@>=2", "@octokit/core@>=3":
  version "3.6.0"
  resolved "https://registry.npmjs.org/@octokit/core/-/core-3.6.0.tgz"
  integrity sha512-7RKRKuA4xTjMhY+eG3jthb3hlZCsOwg3rztWh75Xc+ShDWOfDDATWbeZpAHBNRpm4Tv9WgBMOy1zEJYXG6NJ7Q==
  dependencies:
    "@octokit/auth-token" "^2.4.4"
    "@octokit/graphql" "^4.5.8"
    "@octokit/request" "^5.6.3"
    "@octokit/request-error" "^2.0.5"
    "@octokit/types" "^6.0.3"
    before-after-hook "^2.2.0"
    universal-user-agent "^6.0.0"

"@octokit/endpoint@^6.0.1":
  version "6.0.12"
  resolved "https://registry.npmjs.org/@octokit/endpoint/-/endpoint-6.0.12.tgz"
  integrity sha512-lF3puPwkQWGfkMClXb4k/eUT/nZKQfxinRWJrdZaJO85Dqwo/G0yOC434Jr2ojwafWJMYqFGFa5ms4jJUgujdA==
  dependencies:
    "@octokit/types" "^6.0.3"
    is-plain-object "^5.0.0"
    universal-user-agent "^6.0.0"

"@octokit/graphql@^4.5.8":
  version "4.8.0"
  resolved "https://registry.npmjs.org/@octokit/graphql/-/graphql-4.8.0.tgz"
  integrity sha512-0gv+qLSBLKF0z8TKaSKTsS39scVKF9dbMxJpj3U0vC7wjNWFuIpL/z76Qe2fiuCbDRcJSavkXsVtMS6/dtQQsg==
  dependencies:
    "@octokit/request" "^5.6.0"
    "@octokit/types" "^6.0.3"
    universal-user-agent "^6.0.0"

"@octokit/openapi-types@^12.11.0":
  version "12.11.0"
  resolved "https://registry.npmjs.org/@octokit/openapi-types/-/openapi-types-12.11.0.tgz"
  integrity sha512-VsXyi8peyRq9PqIz/tpqiL2w3w80OgVMwBHltTml3LmVvXiphgeqmY9mvBw9Wu7e0QWk/fqD37ux8yP5uVekyQ==

"@octokit/plugin-paginate-rest@^1.1.1":
  version "1.1.2"
  resolved "https://registry.npmjs.org/@octokit/plugin-paginate-rest/-/plugin-paginate-rest-1.1.2.tgz"
  integrity sha512-jbsSoi5Q1pj63sC16XIUboklNw+8tL9VOnJsWycWYR78TKss5PVpIPb1TUUcMQ+bBh7cY579cVAWmf5qG+dw+Q==
  dependencies:
    "@octokit/types" "^2.0.1"

"@octokit/plugin-paginate-rest@^2.17.0":
  version "2.21.3"
  resolved "https://registry.npmjs.org/@octokit/plugin-paginate-rest/-/plugin-paginate-rest-2.21.3.tgz"
  integrity sha512-aCZTEf0y2h3OLbrgKkrfFdjRL6eSOo8komneVQJnYecAxIej7Bafor2xhuDJOIFau4pk0i/P28/XgtbyPF0ZHw==
  dependencies:
    "@octokit/types" "^6.40.0"

"@octokit/plugin-request-log@^1.0.0":
  version "1.0.4"
  resolved "https://registry.npmjs.org/@octokit/plugin-request-log/-/plugin-request-log-1.0.4.tgz"
  integrity sha512-mLUsMkgP7K/cnFEw07kWqXGF5LKrOkD+lhCrKvPHXWDywAwuDUeDwWBpc69XK3pNX0uKiVt8g5z96PJ6z9xCFA==

"@octokit/plugin-rest-endpoint-methods@^5.13.0":
  version "5.16.2"
  resolved "https://registry.npmjs.org/@octokit/plugin-rest-endpoint-methods/-/plugin-rest-endpoint-methods-5.16.2.tgz"
  integrity sha512-8QFz29Fg5jDuTPXVtey05BLm7OB+M8fnvE64RNegzX7U+5NUXcOcnpTIK0YfSHBg8gYd0oxIq3IZTe9SfPZiRw==
  dependencies:
    "@octokit/types" "^6.39.0"
    deprecation "^2.3.1"

"@octokit/plugin-rest-endpoint-methods@2.4.0":
  version "2.4.0"
  resolved "https://registry.npmjs.org/@octokit/plugin-rest-endpoint-methods/-/plugin-rest-endpoint-methods-2.4.0.tgz"
  integrity sha512-EZi/AWhtkdfAYi01obpX0DF7U6b1VRr30QNQ5xSFPITMdLSfhcBqjamE3F+sKcxPbD7eZuMHu3Qkk2V+JGxBDQ==
  dependencies:
    "@octokit/types" "^2.0.1"
    deprecation "^2.3.1"

"@octokit/request-error@^1.0.2":
  version "1.2.1"
  resolved "https://registry.npmjs.org/@octokit/request-error/-/request-error-1.2.1.tgz"
  integrity sha512-+6yDyk1EES6WK+l3viRDElw96MvwfJxCt45GvmjDUKWjYIb3PJZQkq3i46TwGwoPD4h8NmTrENmtyA1FwbmhRA==
  dependencies:
    "@octokit/types" "^2.0.0"
    deprecation "^2.0.0"
    once "^1.4.0"

"@octokit/request-error@^2.0.5", "@octokit/request-error@^2.1.0":
  version "2.1.0"
  resolved "https://registry.npmjs.org/@octokit/request-error/-/request-error-2.1.0.tgz"
  integrity sha512-1VIvgXxs9WHSjicsRwq8PlR2LR2x6DwsJAaFgzdi0JfJoGSO8mYI/cHJQ+9FbN21aa+DrgNLnwObmyeSC8Rmpg==
  dependencies:
    "@octokit/types" "^6.0.3"
    deprecation "^2.0.0"
    once "^1.4.0"

"@octokit/request@^5.2.0", "@octokit/request@^5.6.0", "@octokit/request@^5.6.3":
  version "5.6.3"
  resolved "https://registry.npmjs.org/@octokit/request/-/request-5.6.3.tgz"
  integrity sha512-bFJl0I1KVc9jYTe9tdGGpAMPy32dLBXXo1dS/YwSCTL/2nd9XeHsY616RE3HPXDVk+a+dBuzyz5YdlXwcDTr2A==
  dependencies:
    "@octokit/endpoint" "^6.0.1"
    "@octokit/request-error" "^2.1.0"
    "@octokit/types" "^6.16.1"
    is-plain-object "^5.0.0"
    node-fetch "^2.6.7"
    universal-user-agent "^6.0.0"

"@octokit/rest@^16.43.1":
  version "16.43.1"
  resolved "https://registry.npmjs.org/@octokit/rest/-/rest-16.43.1.tgz"
  integrity sha512-gfFKwRT/wFxq5qlNjnW2dh+qh74XgTQ2B179UX5K1HYCluioWj8Ndbgqw2PVqa1NnVJkGHp2ovMpVn/DImlmkw==
  dependencies:
    "@octokit/auth-token" "^2.4.0"
    "@octokit/plugin-paginate-rest" "^1.1.1"
    "@octokit/plugin-request-log" "^1.0.0"
    "@octokit/plugin-rest-endpoint-methods" "2.4.0"
    "@octokit/request" "^5.2.0"
    "@octokit/request-error" "^1.0.2"
    atob-lite "^2.0.0"
    before-after-hook "^2.0.0"
    btoa-lite "^1.0.0"
    deprecation "^2.0.0"
    lodash.get "^4.4.2"
    lodash.set "^4.3.2"
    lodash.uniq "^4.5.0"
    octokit-pagination-methods "^1.1.0"
    once "^1.4.0"
    universal-user-agent "^4.0.0"

"@octokit/types@^2.0.0", "@octokit/types@^2.0.1":
  version "2.16.2"
  resolved "https://registry.npmjs.org/@octokit/types/-/types-2.16.2.tgz"
  integrity sha512-O75k56TYvJ8WpAakWwYRN8Bgu60KrmX0z1KqFp1kNiFNkgW+JW+9EBKZ+S33PU6SLvbihqd+3drvPxKK68Ee8Q==
  dependencies:
    "@types/node" ">= 8"

"@octokit/types@^6.0.3", "@octokit/types@^6.16.1", "@octokit/types@^6.39.0", "@octokit/types@^6.40.0":
  version "6.41.0"
  resolved "https://registry.npmjs.org/@octokit/types/-/types-6.41.0.tgz"
  integrity sha512-eJ2jbzjdijiL3B4PrSQaSjuF2sPEQPVCPzBvTHJD9Nz+9dw2SGH4K4xeQJ77YfTq5bRQ+bD8wT11JbeDPmxmGg==
  dependencies:
    "@octokit/openapi-types" "^12.11.0"

"@types/moment-timezone@^0.5.13":
  version "0.5.13"
  resolved "https://registry.npmjs.org/@types/moment-timezone/-/moment-timezone-0.5.13.tgz"
  integrity sha512-SWk1qM8DRssS5YR9L4eEX7WUhK/wc96aIr4nMa6p0kTk9YhGGOJjECVhIdPEj13fvJw72Xun69gScXSZ/UmcPg==
  dependencies:
    moment ">=2.14.0"

"@types/node-fetch@^2.5.7":
  version "2.5.7"
  resolved "https://registry.npmjs.org/@types/node-fetch/-/node-fetch-2.5.7.tgz"
  integrity sha512-o2WVNf5UhWRkxlf6eq+jMZDu7kjgpgJfl4xVNlvryc95O/6F2ld8ztKX+qu+Rjyet93WAWm5LjeX9H5FGkODvw==
  dependencies:
    "@types/node" "*"
    form-data "^3.0.0"

"@types/node@*", "@types/node@>= 8":
  version "14.0.14"
  resolved "https://registry.npmjs.org/@types/node/-/node-14.0.14.tgz"
  integrity sha512-syUgf67ZQpaJj01/tRTknkMNoBBLWJOBODF0Zm4NrXmiSuxjymFrxnTu1QVYRubhVkRcZLYZG8STTwJRdVm/WQ==

"@zeit/ncc@^0.21.1":
  version "0.21.1"
  resolved "https://registry.npmjs.org/@zeit/ncc/-/ncc-0.21.1.tgz"
  integrity sha512-M9WzgquSOt2nsjRkYM9LRylBLmmlwNCwYbm3Up3PDEshfvdmIfqpFNSK8EJvR18NwZjGHE5z2avlDtYQx2JQnw==

asynckit@^0.4.0:
  version "0.4.0"
  resolved "https://registry.npmjs.org/asynckit/-/asynckit-0.4.0.tgz"

atob-lite@^2.0.0:
  version "2.0.0"

balanced-match@^1.0.0:
  version "1.0.2"

before-after-hook@^2.0.0, before-after-hook@^2.2.0:
  version "2.2.3"

brace-expansion@^1.1.7:
  version "1.1.11"
  dependencies:
    balanced-match "^1.0.0"
    concat-map "0.0.1"

btoa-lite@^1.0.0:
  version "1.0.0"

colors@1.2.3:
  version "1.2.3"

combined-stream@^1.0.8:
  version "1.0.8"
  dependencies:
    delayed-stream "~1.0.0"

concat-map@0.0.1:
  version "0.0.1"

cross-spawn@^6.0.0:
  version "6.0.5"
  dependencies:
    nice-try "^1.0.4"
    path-key "^2.0.1"
    semver "^5.5.0"
    shebang-command "^1.2.0"
    which "^1.2.9"

dateformat@3.0.3:
  version "3.0.3"

delayed-stream@~1.0.0:
  version "1.0.0"

deprecation@^2.0.0, deprecation@^2.3.1:
  version "2.3.1"

end-of-stream@^1.1.0:
  version "1.4.4"
  dependencies:
    once "^1.4.0"

execa@^1.0.0:
  version "1.0.0"
  dependencies:
    cross-spawn "^6.0.0"
    get-stream "^4.0.0"
    is-stream "^1.1.0"
    npm-run-path "^2.0.0"
    p-finally "^1.0.0"
    signal-exit "^3.0.0"
    strip-eof "^1.0.0"

form-data@^3.0.0:
  version "3.0.0"
  dependencies:
    asynckit "^0.4.0"
    combined-stream "^1.0.8"
    mime-types "^2.1.12"

fs.realpath@^1.0.0:
  version "1.0.0"

get-stream@^4.0.0:
  version "4.1.0"
  dependencies:
    pump "^3.0.0"

glob@^7.1.3:
  version "7.2.3"
  dependencies:
    fs.realpath "^1.0.0"
    inflight "^1.0.4"
    inherits "2"
    minimatch "^3.1.1"
    once "^1.3.0"
    path-is-absolute "^1.0.0"

inflight@^1.0.4:
  version "1.0.6"
  dependencies:
    once "^1.3.0"
    wrappy "1"

inherits@2:
  version "2.0.4"

is-plain-object@^5.0.0:
  version "5.0.0"

is-stream@^1.1.0:
  version "1.1.0"

isexe@^2.0.0:
  version "2.0.0"

lodash.get@^4.4.2:
  version "4.4.2"

lodash.set@^4.3.2:
  version "4.3.2"

lodash.uniq@^4.5.0:
  version "4.5.0"

macos-release@^2.2.0:
  version "2.5.0"

mime-db@1.44.0:
  version "1.44.0"

mime-types@^2.1.12:
  version "2.1.27"
  dependencies:
    mime-db "1.44.0"

minimatch@^3.1.1:
  version "3.1.2"
  dependencies:
    brace-expansion "^1.1.7"

minimist@^1.2.6:
  version "1.2.7"

mkdirp@^0.5.1:
  version "0.5.6"
  dependencies:
    minimist "^1.2.6"

moment-timezone@^0.5.31:
  version "0.5.31"
  dependencies:
    moment ">= 2.9.0"

moment@^2.29.4, "moment@>= 2.9.0", moment@>=2.14.0:
  version "2.29.4"

ncc@^0.3.6:
  version "0.3.6"
  dependencies:
    mkdirp "^0.5.1"
    rimraf "^2.6.1"
    tracer "^0.8.7"
    ws "^2.3.1"

nice-try@^1.0.4:
  version "1.0.5"

node-bin-setup@^1.0.0:
  version "1.1.3"

node-fetch@^2.6.0, node-fetch@^2.6.7:
  version "2.6.7"
  dependencies:
    whatwg-url "^5.0.0"

node@^16.18.1:
  version "16.18.1"
  dependencies:
    node-bin-setup "^1.0.0"

npm-run-path@^2.0.0:
  version "2.0.2"
  dependencies:
    path-key "^2.0.0"

octokit-pagination-methods@^1.1.0:
  version "1.1.0"

once@^1.3.0, once@^1.3.1, once@^1.4.0:
  version "1.4.0"
  dependencies:
    wrappy "1"

os-name@^3.1.0:
  version "3.1.0"
  dependencies:
    macos-release "^2.2.0"
    windows-release "^3.1.0"

p-finally@^1.0.0:
  version "1.0.0"

path-is-absolute@^1.0.0:
  version "1.0.1"

path-key@^2.0.0, path-key@^2.0.1:
  version "2.0.1"

pump@^3.0.0:
  version "3.0.0"
  dependencies:
    end-of-stream "^1.1.0"
    once "^1.3.1"

rimraf@^2.6.1:
  version "2.7.1"
  dependencies:
    glob "^7.1.3"

safe-buffer@~5.0.1:
  version "5.0.1"

semver@^5.5.0:
  version "5.7.1"

shebang-command@^1.2.0:
  version "1.2.0"
  dependencies:
    shebang-regex "^1.0.0"

shebang-regex@^1.0.0:
  version "1.0.0"

signal-exit@^3.0.0:
  version "3.0.7"

strip-eof@^1.0.0:
  version "1.0.0"

tinytim@0.1.1:
  version "0.1.1"

tr46@~0.0.3:
  version "0.0.3"

tracer@^0.8.7:
  version "0.8.15"
  dependencies:
    colors "1.2.3"
    dateformat "3.0.3"
    mkdirp "^0.5.1"
    tinytim "0.1.1"

tunnel@^0.0.6:
  version "0.0.6"

typescript@^3.9.5:
  version "3.9.5"

ultron@~1.1.0:
  version "1.1.1"

universal-user-agent@^4.0.0:
  version "4.0.1"
  dependencies:
    os-name "^3.1.0"

universal-user-agent@^6.0.0:
  version "6.0.0"

uuid@^8.3.2:
  version "8.3.2"

webidl-conversions@^3.0.0:
  version "3.0.1"

whatwg-url@^5.0.0:
  version "5.0.0"
  dependencies:
    tr46 "~0.0.3"
    webidl-conversions "^3.0.0"

which@^1.2.9:
  version "1.3.1"
  dependencies:
    isexe "^2.0.0"

windows-release@^3.1.0:
  version "3.3.3"
  dependencies:
    execa "^1.0.0"

wrappy@1:
  version "1.0.2"

ws@^2.3.1:
  version "2.3.1"
  dependencies:
    safe-buffer "~5.0.1"
    ultron "~1.1.0"

yaml@^1.10.0:
  version "1.10.0"
